<?xml version="1.0" encoding="utf-8"?>
<Project ToolsVersion="4.0" xmlns="http://schemas.microsoft.com/developer/msbuild/2003">
  <ItemGroup>
    <Filter Include="RNG">
      <UniqueIdentifier>{2172fe4f-4a93-4f58-a658-83cc7a3ac78e}</UniqueIdentifier>
    </Filter>
    <Filter Include="PaytableData">
      <UniqueIdentifier>{21cb12c8-20d0-4694-ad33-d0c509e6d3e4}</UniqueIdentifier>
    </Filter>
    <Filter Include="Bingo">
      <UniqueIdentifier>{7935af0b-d279-468c-bc27-cbb59272caf6}</UniqueIdentifier>
    </Filter>
    <Filter Include="pugixml">
      <UniqueIdentifier>{91d8e3ac-016b-4ae6-b9b6-e163bad90aae}</UniqueIdentifier>
    </Filter>
  </ItemGroup>
  <ItemGroup>
    <ClCompile Include="Cruncher.cpp" />
    <ClCompile Include="PTRandom.cpp">
      <Filter>RNG</Filter>
    </ClCompile>
    <ClCompile Include="LosingCombo.cpp">
      <Filter>PaytableData</Filter>
    </ClCompile>
    <ClCompile Include="LosingCombos.cpp">
      <Filter>PaytableData</Filter>
    </ClCompile>
    <ClCompile Include="WinningCombo.cpp">
      <Filter>PaytableData</Filter>
    </ClCompile>
    <ClCompile Include="WinningCombos.cpp">
      <Filter>PaytableData</Filter>
    </ClCompile>
    <ClCompile Include="BingoPattern.cpp">
      <Filter>Bingo</Filter>
    </ClCompile>
    <ClCompile Include="BingoPatterns.cpp">
      <Filter>Bingo</Filter>
    </ClCompile>
    <ClCompile Include="..\pugixml\src\pugixml.cpp">
      <Filter>pugixml</Filter>
    </ClCompile>
    <ClCompile Include="BingoCard.cpp">
      <Filter>Bingo</Filter>
    </ClCompile>
    <ClCompile Include="BingoBallDraw.cpp">
      <Filter>Bingo</Filter>
    </ClCompile>
    <ClCompile Include="BingoGame.cpp">
      <Filter>Bingo</Filter>
    </ClCompile>
    <ClCompile Include="Spot.cpp">
      <Filter>Bingo</Filter>
    </ClCompile>
  </ItemGroup>
  <ItemGroup>
    <ClInclude Include="Cruncher.h" />
    <ClInclude Include="IRandom.h">
      <Filter>RNG</Filter>
    </ClInclude>
    <ClInclude Include="PTRandom.h">
      <Filter>RNG</Filter>
    </ClInclude>
    <ClInclude Include="LosingCombo.h">
      <Filter>PaytableData</Filter>
    </ClInclude>
    <ClInclude Include="LosingCombos.h">
      <Filter>PaytableData</Filter>
    </ClInclude>
    <ClInclude Include="WinningCombo.h">
      <Filter>PaytableData</Filter>
    </ClInclude>
    <ClInclude Include="WinningCombos.h">
      <Filter>PaytableData</Filter>
    </ClInclude>
    <ClInclude Include="BingoPattern.h">
      <Filter>Bingo</Filter>
    </ClInclude>
    <ClInclude Include="BingoPatterns.h">
      <Filter>Bingo</Filter>
    </ClInclude>
    <ClInclude Include="BingoCard.h">
      <Filter>Bingo</Filter>
    </ClInclude>
    <ClInclude Include="BingoBallDraw.h">
      <Filter>Bingo</Filter>
    </ClInclude>
    <ClInclude Include="BingoGame.h">
      <Filter>Bingo</Filter>
    </ClInclude>
    <ClInclude Include="Spot.h">
      <Filter>Bingo</Filter>
    </ClInclude>
  </ItemGroup>
</Project>