
Microsoft Visual Studio Solution File, Format Version 12.00
# Visual Studio 14
VisualStudioVersion = 14.0.25123.0
MinimumVisualStudioVersion = 10.0.40219.1
Project("{8BC9CEB8-8B4A-11D0-8D11-00A0C91BC942}") = "RedSand", "RedSand\RedSand.vcxproj", "{F4B3752B-FCC6-4240-8651-535BE7B02486}"
EndProject
Project("{8BC9CEB8-8B4A-11D0-8D11-00A0C91BC942}") = "Cruncher", "Cruncher\Cruncher.vcxproj", "{7E6AC402-668D-44EE-94F4-DCA604F3C348}"
EndProject
Project("{8BC9CEB8-8B4A-11D0-8D11-00A0C91BC942}") = "Hardware", "Hardware\Hardware.vcxproj", "{D458AB09-BA30-4773-9CE2-F62DBE656492}"
EndProject
Project("{8BC9CEB8-8B4A-11D0-8D11-00A0C91BC942}") = "Graphics", "Graphics\Graphics.vcxproj", "{D858E223-2BD6-4B41-81C7-B2E58843A79E}"
EndProject
Project("{8BC9CEB8-8B4A-11D0-8D11-00A0C91BC942}") = "Utils", "Utils\Utils.vcxproj", "{40A96A51-3F52-4FF1-84A4-FCE76DCB8FDB}"
EndProject
Project("{8BC9CEB8-8B4A-11D0-8D11-00A0C91BC942}") = "Games", "Games\Games.vcxproj", "{02ADB621-8CEC-40EB-AA7B-5AF1A36A9A93}"
EndProject
Project("{8BC9CEB8-8B4A-11D0-8D11-00A0C91BC942}") = "Persistence", "Persistence\Persistence.vcxproj", "{66371968-652F-4E75-8A5E-D14167785F99}"
EndProject
Project("{8BC9CEB8-8B4A-11D0-8D11-00A0C91BC942}") = "CruncherTest", "CruncherTest\CruncherTest.vcxproj", "{D50F1130-32BC-47E8-B9BC-C62608F66D54}"
EndProject
Project("{8BC9CEB8-8B4A-11D0-8D11-00A0C91BC942}") = "GraphicsTest", "GraphicsTest\GraphicsTest.vcxproj", "{592BA50B-D294-4AB2-A97C-4AF3D50A8701}"
EndProject
Global
	GlobalSection(SolutionConfigurationPlatforms) = preSolution
		Debug|Win32 = Debug|Win32
		Release|Win32 = Release|Win32
		v140_Debug|Win32 = v140_Debug|Win32
	EndGlobalSection
	GlobalSection(ProjectConfigurationPlatforms) = postSolution
		{F4B3752B-FCC6-4240-8651-535BE7B02486}.Debug|Win32.ActiveCfg = Debug|Win32
		{F4B3752B-FCC6-4240-8651-535BE7B02486}.Debug|Win32.Build.0 = Debug|Win32
		{F4B3752B-FCC6-4240-8651-535BE7B02486}.Release|Win32.ActiveCfg = Release|Win32
		{F4B3752B-FCC6-4240-8651-535BE7B02486}.Release|Win32.Build.0 = Release|Win32
		{F4B3752B-FCC6-4240-8651-535BE7B02486}.v140_Debug|Win32.ActiveCfg = v140_Debug|Win32
		{F4B3752B-FCC6-4240-8651-535BE7B02486}.v140_Debug|Win32.Build.0 = v140_Debug|Win32
		{7E6AC402-668D-44EE-94F4-DCA604F3C348}.Debug|Win32.ActiveCfg = Debug|Win32
		{7E6AC402-668D-44EE-94F4-DCA604F3C348}.Debug|Win32.Build.0 = Debug|Win32
		{7E6AC402-668D-44EE-94F4-DCA604F3C348}.Release|Win32.ActiveCfg = Release|Win32
		{7E6AC402-668D-44EE-94F4-DCA604F3C348}.Release|Win32.Build.0 = Release|Win32
		{7E6AC402-668D-44EE-94F4-DCA604F3C348}.v140_Debug|Win32.ActiveCfg = v140_Debug|Win32
		{7E6AC402-668D-44EE-94F4-DCA604F3C348}.v140_Debug|Win32.Build.0 = v140_Debug|Win32
		{D458AB09-BA30-4773-9CE2-F62DBE656492}.Debug|Win32.ActiveCfg = Debug|Win32
		{D458AB09-BA30-4773-9CE2-F62DBE656492}.Debug|Win32.Build.0 = Debug|Win32
		{D458AB09-BA30-4773-9CE2-F62DBE656492}.Release|Win32.ActiveCfg = Release|Win32
		{D458AB09-BA30-4773-9CE2-F62DBE656492}.Release|Win32.Build.0 = Release|Win32
		{D458AB09-BA30-4773-9CE2-F62DBE656492}.v140_Debug|Win32.ActiveCfg = v140_Debug|Win32
		{D458AB09-BA30-4773-9CE2-F62DBE656492}.v140_Debug|Win32.Build.0 = v140_Debug|Win32
		{D858E223-2BD6-4B41-81C7-B2E58843A79E}.Debug|Win32.ActiveCfg = Debug|Win32
		{D858E223-2BD6-4B41-81C7-B2E58843A79E}.Debug|Win32.Build.0 = Debug|Win32
		{D858E223-2BD6-4B41-81C7-B2E58843A79E}.Release|Win32.ActiveCfg = Release|Win32
		{D858E223-2BD6-4B41-81C7-B2E58843A79E}.Release|Win32.Build.0 = Release|Win32
		{D858E223-2BD6-4B41-81C7-B2E58843A79E}.v140_Debug|Win32.ActiveCfg = v140_Debug|Win32
		{D858E223-2BD6-4B41-81C7-B2E58843A79E}.v140_Debug|Win32.Build.0 = v140_Debug|Win32
		{40A96A51-3F52-4FF1-84A4-FCE76DCB8FDB}.Debug|Win32.ActiveCfg = Debug|Win32
		{40A96A51-3F52-4FF1-84A4-FCE76DCB8FDB}.Debug|Win32.Build.0 = Debug|Win32
		{40A96A51-3F52-4FF1-84A4-FCE76DCB8FDB}.Release|Win32.ActiveCfg = Release|Win32
		{40A96A51-3F52-4FF1-84A4-FCE76DCB8FDB}.Release|Win32.Build.0 = Release|Win32
		{40A96A51-3F52-4FF1-84A4-FCE76DCB8FDB}.v140_Debug|Win32.ActiveCfg = v140_Debug|Win32
		{40A96A51-3F52-4FF1-84A4-FCE76DCB8FDB}.v140_Debug|Win32.Build.0 = v140_Debug|Win32
		{02ADB621-8CEC-40EB-AA7B-5AF1A36A9A93}.Debug|Win32.ActiveCfg = Debug|Win32
		{02ADB621-8CEC-40EB-AA7B-5AF1A36A9A93}.Debug|Win32.Build.0 = Debug|Win32
		{02ADB621-8CEC-40EB-AA7B-5AF1A36A9A93}.Release|Win32.ActiveCfg = Release|Win32
		{02ADB621-8CEC-40EB-AA7B-5AF1A36A9A93}.Release|Win32.Build.0 = Release|Win32
		{02ADB621-8CEC-40EB-AA7B-5AF1A36A9A93}.v140_Debug|Win32.ActiveCfg = v140_Debug|Win32
		{02ADB621-8CEC-40EB-AA7B-5AF1A36A9A93}.v140_Debug|Win32.Build.0 = v140_Debug|Win32
		{66371968-652F-4E75-8A5E-D14167785F99}.Debug|Win32.ActiveCfg = Debug|Win32
		{66371968-652F-4E75-8A5E-D14167785F99}.Debug|Win32.Build.0 = Debug|Win32
		{66371968-652F-4E75-8A5E-D14167785F99}.Release|Win32.ActiveCfg = Release|Win32
		{66371968-652F-4E75-8A5E-D14167785F99}.Release|Win32.Build.0 = Release|Win32
		{66371968-652F-4E75-8A5E-D14167785F99}.v140_Debug|Win32.ActiveCfg = v140_Debug|Win32
		{66371968-652F-4E75-8A5E-D14167785F99}.v140_Debug|Win32.Build.0 = v140_Debug|Win32
		{D50F1130-32BC-47E8-B9BC-C62608F66D54}.Debug|Win32.ActiveCfg = Debug|Win32
		{D50F1130-32BC-47E8-B9BC-C62608F66D54}.Debug|Win32.Build.0 = Debug|Win32
		{D50F1130-32BC-47E8-B9BC-C62608F66D54}.Release|Win32.ActiveCfg = Release|Win32
		{D50F1130-32BC-47E8-B9BC-C62608F66D54}.Release|Win32.Build.0 = Release|Win32
		{D50F1130-32BC-47E8-B9BC-C62608F66D54}.v140_Debug|Win32.ActiveCfg = v140_Debug|Win32
		{D50F1130-32BC-47E8-B9BC-C62608F66D54}.v140_Debug|Win32.Build.0 = v140_Debug|Win32
		{592BA50B-D294-4AB2-A97C-4AF3D50A8701}.Debug|Win32.ActiveCfg = Debug|Win32
		{592BA50B-D294-4AB2-A97C-4AF3D50A8701}.Debug|Win32.Build.0 = Debug|Win32
		{592BA50B-D294-4AB2-A97C-4AF3D50A8701}.Release|Win32.ActiveCfg = Release|Win32
		{592BA50B-D294-4AB2-A97C-4AF3D50A8701}.Release|Win32.Build.0 = Release|Win32
		{592BA50B-D294-4AB2-A97C-4AF3D50A8701}.v140_Debug|Win32.ActiveCfg = v140_Debug|Win32
		{592BA50B-D294-4AB2-A97C-4AF3D50A8701}.v140_Debug|Win32.Build.0 = v140_Debug|Win32
	EndGlobalSection
	GlobalSection(SolutionProperties) = preSolution
		HideSolutionNode = FALSE
	EndGlobalSection
EndGlobal
